
Microsoft Visual Studio Solution File, Format Version 12.00
# Visual Studio Version 16
VisualStudioVersion = 16.0.30517.126
MinimumVisualStudioVersion = 10.0.40219.1
Project("{FAE04EC0-301F-11D3-BF4B-00C04F79EFBC}") = "Mona", "Mona\Mona.csproj", "{E2423130-89B3-4313-854D-B9423F6E291F}"
EndProject
Project("{FAE04EC0-301F-11D3-BF4B-00C04F79EFBC}") = "MIL", "MIL\MIL.csproj", "{72549DD2-5F0F-4B80-B02D-EB2F1BA0184E}"
EndProject
Global
	GlobalSection(SolutionConfigurationPlatforms) = preSolution
		Debug|Any CPU = Debug|Any CPU
		Release|Any CPU = Release|Any CPU
	EndGlobalSection
	GlobalSection(ProjectConfigurationPlatforms) = postSolution
		{E2423130-89B3-4313-854D-B9423F6E291F}.Debug|Any CPU.ActiveCfg = Debug|Any CPU
		{E2423130-89B3-4313-854D-B9423F6E291F}.Debug|Any CPU.Build.0 = Debug|Any CPU
		{E2423130-89B3-4313-854D-B9423F6E291F}.Release|Any CPU.ActiveCfg = Release|Any CPU
		{E2423130-89B3-4313-854D-B9423F6E291F}.Release|Any CPU.Build.0 = Release|Any CPU
		{72549DD2-5F0F-4B80-B02D-EB2F1BA0184E}.Debug|Any CPU.ActiveCfg = Debug|Any CPU
		{72549DD2-5F0F-4B80-B02D-EB2F1BA0184E}.Debug|Any CPU.Build.0 = Debug|Any CPU
		{72549DD2-5F0F-4B80-B02D-EB2F1BA0184E}.Release|Any CPU.ActiveCfg = Release|Any CPU
		{72549DD2-5F0F-4B80-B02D-EB2F1BA0184E}.Release|Any CPU.Build.0 = Release|Any CPU
	EndGlobalSection
	GlobalSection(SolutionProperties) = preSolution
		HideSolutionNode = FALSE
	EndGlobalSection
	GlobalSection(ExtensibilityGlobals) = postSolution
		SolutionGuid = {49F31A90-62E6-4A31-9C78-B6427C5DB53E}
	EndGlobalSection
EndGlobal
